
Microsoft Visual Studio Solution File, Format Version 10.00
# Visual Studio 2008
Project("{EDCC3B85-0BAD-11DB-BC1A-00112FDE8B61}") = "Nemerle.MVC", "Nemerle.MVC\Nemerle.MVC.nproj", "{D04F4656-0C57-48EF-A8AC-E4A1B8F7ED92}"
EndProject
Project("{EDCC3B85-0BAD-11DB-BC1A-00112FDE8B61}") = "NRails.Bltoolkit.Macros", "NRails.Bltoolkit.Macros\NRails.Bltoolkit.Macros.nproj", "{3129F3E8-694F-461E-905F-BDDC046F09AB}"
EndProject
Global
	GlobalSection(SolutionConfigurationPlatforms) = preSolution
		Debug|Any CPU = Debug|Any CPU
		Release|Any CPU = Release|Any CPU
	EndGlobalSection
	GlobalSection(ProjectConfigurationPlatforms) = postSolution
		{D04F4656-0C57-48EF-A8AC-E4A1B8F7ED92}.Debug|Any CPU.ActiveCfg = Debug|Any CPU
		{D04F4656-0C57-48EF-A8AC-E4A1B8F7ED92}.Debug|Any CPU.Build.0 = Debug|Any CPU
		{D04F4656-0C57-48EF-A8AC-E4A1B8F7ED92}.Release|Any CPU.ActiveCfg = Release|Any CPU
		{D04F4656-0C57-48EF-A8AC-E4A1B8F7ED92}.Release|Any CPU.Build.0 = Release|Any CPU
		{3129F3E8-694F-461E-905F-BDDC046F09AB}.Debug|Any CPU.ActiveCfg = Debug|Any CPU
		{3129F3E8-694F-461E-905F-BDDC046F09AB}.Debug|Any CPU.Build.0 = Debug|Any CPU
		{3129F3E8-694F-461E-905F-BDDC046F09AB}.Release|Any CPU.ActiveCfg = Release|Any CPU
		{3129F3E8-694F-461E-905F-BDDC046F09AB}.Release|Any CPU.Build.0 = Release|Any CPU
	EndGlobalSection
	GlobalSection(SolutionProperties) = preSolution
		HideSolutionNode = FALSE
	EndGlobalSection
EndGlobal
