
Microsoft Visual Studio Solution File, Format Version 10.00
# Visual Studio 2008
Project("{EDCC3B85-0BAD-11DB-BC1A-00112FDE8B61}") = "Nemerle.MVC", "Nemerle.MVC\Nemerle.MVC.nproj", "{D04F4656-0C57-48EF-A8AC-E4A1B8F7ED92}"
EndProject
Project("{EDCC3B85-0BAD-11DB-BC1A-00112FDE8B61}") = "NRails.Bltoolkit.Macros", "NRails.Bltoolkit.Macros\NRails.Bltoolkit.Macros.nproj", "{3129F3E8-694F-461E-905F-BDDC046F09AB}"
EndProject
Project("{EDCC3B85-0BAD-11DB-BC1A-00112FDE8B61}") = "NRails.DbMetadata", "NRails.DbMetadata\NRails.DbMetadata.nproj", "{D0E618E7-EC44-47AB-9279-3897D411BE64}"
EndProject
Project("{EDCC3B85-0BAD-11DB-BC1A-00112FDE8B61}") = "NRails", "NRails\NRails.nproj", "{74A35DA7-49A5-4260-87D9-D559D6AA1DAA}"
EndProject
Project("{EDCC3B85-0BAD-11DB-BC1A-00112FDE8B61}") = "NRails.Tests", "NRails.Tests\NRails.Tests.nproj", "{B4287CB5-676C-46AB-A4F1-C1C9FD184DE8}"
EndProject
Global
	GlobalSection(SolutionConfigurationPlatforms) = preSolution
		Debug|Any CPU = Debug|Any CPU
		Release|Any CPU = Release|Any CPU
	EndGlobalSection
	GlobalSection(ProjectConfigurationPlatforms) = postSolution
		{D04F4656-0C57-48EF-A8AC-E4A1B8F7ED92}.Debug|Any CPU.ActiveCfg = Debug|Any CPU
		{D04F4656-0C57-48EF-A8AC-E4A1B8F7ED92}.Debug|Any CPU.Build.0 = Debug|Any CPU
		{D04F4656-0C57-48EF-A8AC-E4A1B8F7ED92}.Release|Any CPU.ActiveCfg = Release|Any CPU
		{D04F4656-0C57-48EF-A8AC-E4A1B8F7ED92}.Release|Any CPU.Build.0 = Release|Any CPU
		{3129F3E8-694F-461E-905F-BDDC046F09AB}.Debug|Any CPU.ActiveCfg = Debug|Any CPU
		{3129F3E8-694F-461E-905F-BDDC046F09AB}.Debug|Any CPU.Build.0 = Debug|Any CPU
		{3129F3E8-694F-461E-905F-BDDC046F09AB}.Release|Any CPU.ActiveCfg = Release|Any CPU
		{3129F3E8-694F-461E-905F-BDDC046F09AB}.Release|Any CPU.Build.0 = Release|Any CPU
		{D0E618E7-EC44-47AB-9279-3897D411BE64}.Debug|Any CPU.ActiveCfg = Debug|Any CPU
		{D0E618E7-EC44-47AB-9279-3897D411BE64}.Debug|Any CPU.Build.0 = Debug|Any CPU
		{D0E618E7-EC44-47AB-9279-3897D411BE64}.Release|Any CPU.ActiveCfg = Release|Any CPU
		{D0E618E7-EC44-47AB-9279-3897D411BE64}.Release|Any CPU.Build.0 = Release|Any CPU
		{74A35DA7-49A5-4260-87D9-D559D6AA1DAA}.Debug|Any CPU.ActiveCfg = Debug|Any CPU
		{74A35DA7-49A5-4260-87D9-D559D6AA1DAA}.Debug|Any CPU.Build.0 = Debug|Any CPU
		{74A35DA7-49A5-4260-87D9-D559D6AA1DAA}.Release|Any CPU.ActiveCfg = Release|Any CPU
		{74A35DA7-49A5-4260-87D9-D559D6AA1DAA}.Release|Any CPU.Build.0 = Release|Any CPU
		{B4287CB5-676C-46AB-A4F1-C1C9FD184DE8}.Debug|Any CPU.ActiveCfg = Debug|Any CPU
		{B4287CB5-676C-46AB-A4F1-C1C9FD184DE8}.Debug|Any CPU.Build.0 = Debug|Any CPU
		{B4287CB5-676C-46AB-A4F1-C1C9FD184DE8}.Release|Any CPU.ActiveCfg = Release|Any CPU
		{B4287CB5-676C-46AB-A4F1-C1C9FD184DE8}.Release|Any CPU.Build.0 = Release|Any CPU
	EndGlobalSection
	GlobalSection(SolutionProperties) = preSolution
		HideSolutionNode = FALSE
	EndGlobalSection
EndGlobal
