
Microsoft Visual Studio Solution File, Format Version 10.00
# Visual Studio 2008
Project("{EDCC3B85-0BAD-11DB-BC1A-00112FDE8B61}") = "NRails.Demo", "Demo\NRails.Demo\NRails.Demo.nproj", "{D04F4656-0C57-48EF-A8AC-E4A1B8F7ED92}"
EndProject
Project("{EDCC3B85-0BAD-11DB-BC1A-00112FDE8B61}") = "NRails", "NRails\NRails.nproj", "{74A35DA7-49A5-4260-87D9-D559D6AA1DAA}"
EndProject
Project("{EDCC3B85-0BAD-11DB-BC1A-00112FDE8B61}") = "NRails.Tests", "NRails.Tests\NRails.Tests.nproj", "{B4287CB5-676C-46AB-A4F1-C1C9FD184DE8}"
EndProject
Project("{FAE04EC0-301F-11D3-BF4B-00C04F79EFBC}") = "NRails.Database", "NRails.Database\NRails.Database.csproj", "{9BBC85B7-7590-43EB-8FE6-8A1EF9218E08}"
EndProject
Project("{EDCC3B85-0BAD-11DB-BC1A-00112FDE8B61}") = "NRails.Macros", "NRails.Macros\NRails.Macros.nproj", "{D22C1976-8647-4CB6-A57F-B82E3949B21D}"
EndProject
Project("{EDCC3B85-0BAD-11DB-BC1A-00112FDE8B61}") = "NRails.Console", "NRails.Console\NRails.Console.nproj", "{9599F34C-A9B1-4704-9E0D-F8C9D09AD9E3}"
EndProject
Project("{2150E333-8FDC-42A3-9474-1A3956D46DE8}") = "Demo", "Demo", "{FCE4439C-9BD4-4418-972C-16DAB5DE776F}"
EndProject
Global
	GlobalSection(SolutionConfigurationPlatforms) = preSolution
		Debug|Any CPU = Debug|Any CPU
		Release|Any CPU = Release|Any CPU
	EndGlobalSection
	GlobalSection(ProjectConfigurationPlatforms) = postSolution
		{D04F4656-0C57-48EF-A8AC-E4A1B8F7ED92}.Debug|Any CPU.ActiveCfg = Debug|Any CPU
		{D04F4656-0C57-48EF-A8AC-E4A1B8F7ED92}.Debug|Any CPU.Build.0 = Debug|Any CPU
		{D04F4656-0C57-48EF-A8AC-E4A1B8F7ED92}.Release|Any CPU.ActiveCfg = Release|Any CPU
		{D04F4656-0C57-48EF-A8AC-E4A1B8F7ED92}.Release|Any CPU.Build.0 = Release|Any CPU
		{74A35DA7-49A5-4260-87D9-D559D6AA1DAA}.Debug|Any CPU.ActiveCfg = Debug|Any CPU
		{74A35DA7-49A5-4260-87D9-D559D6AA1DAA}.Debug|Any CPU.Build.0 = Debug|Any CPU
		{74A35DA7-49A5-4260-87D9-D559D6AA1DAA}.Release|Any CPU.ActiveCfg = Release|Any CPU
		{74A35DA7-49A5-4260-87D9-D559D6AA1DAA}.Release|Any CPU.Build.0 = Release|Any CPU
		{B4287CB5-676C-46AB-A4F1-C1C9FD184DE8}.Debug|Any CPU.ActiveCfg = Debug|Any CPU
		{B4287CB5-676C-46AB-A4F1-C1C9FD184DE8}.Debug|Any CPU.Build.0 = Debug|Any CPU
		{B4287CB5-676C-46AB-A4F1-C1C9FD184DE8}.Release|Any CPU.ActiveCfg = Release|Any CPU
		{B4287CB5-676C-46AB-A4F1-C1C9FD184DE8}.Release|Any CPU.Build.0 = Release|Any CPU
		{9BBC85B7-7590-43EB-8FE6-8A1EF9218E08}.Debug|Any CPU.ActiveCfg = Debug|Any CPU
		{9BBC85B7-7590-43EB-8FE6-8A1EF9218E08}.Debug|Any CPU.Build.0 = Debug|Any CPU
		{9BBC85B7-7590-43EB-8FE6-8A1EF9218E08}.Release|Any CPU.ActiveCfg = Release|Any CPU
		{9BBC85B7-7590-43EB-8FE6-8A1EF9218E08}.Release|Any CPU.Build.0 = Release|Any CPU
		{D22C1976-8647-4CB6-A57F-B82E3949B21D}.Debug|Any CPU.ActiveCfg = Debug|Any CPU
		{D22C1976-8647-4CB6-A57F-B82E3949B21D}.Debug|Any CPU.Build.0 = Debug|Any CPU
		{D22C1976-8647-4CB6-A57F-B82E3949B21D}.Release|Any CPU.ActiveCfg = Release|Any CPU
		{D22C1976-8647-4CB6-A57F-B82E3949B21D}.Release|Any CPU.Build.0 = Release|Any CPU
		{9599F34C-A9B1-4704-9E0D-F8C9D09AD9E3}.Debug|Any CPU.ActiveCfg = Debug|Any CPU
		{9599F34C-A9B1-4704-9E0D-F8C9D09AD9E3}.Debug|Any CPU.Build.0 = Debug|Any CPU
		{9599F34C-A9B1-4704-9E0D-F8C9D09AD9E3}.Release|Any CPU.ActiveCfg = Release|Any CPU
		{9599F34C-A9B1-4704-9E0D-F8C9D09AD9E3}.Release|Any CPU.Build.0 = Release|Any CPU
	EndGlobalSection
	GlobalSection(SolutionProperties) = preSolution
		HideSolutionNode = FALSE
	EndGlobalSection
	GlobalSection(NestedProjects) = preSolution
		{D04F4656-0C57-48EF-A8AC-E4A1B8F7ED92} = {FCE4439C-9BD4-4418-972C-16DAB5DE776F}
	EndGlobalSection
EndGlobal
